{"version":4,"terraform_version":"1.10.7","serial":2,"lineage":"cec8cc65-3b39-f81f-ee1b-f5c0b36301b3","outputs":{"environment_id":{"value":"9f5ae28d-3282-478b-bd40-1da590ed2d27","type":"string"},"site_id":{"value":"51e90962-3244-473d-8cff-6da070e54c6c","type":"string"}},"resources":[{"mode":"managed","type":"kinsta_wordpress_site","name":"test","provider":"provider[\"registry.opentofu.org/kinsta/kinsta\"]","instances":[{"schema_version":0,"attributes":{"admin_email":"admin@example.com","admin_password":"TempPassword123!","admin_user":"admin","display_name":"test-debug-site-v2","environment_id":"9f5ae28d-3282-478b-bd40-1da590ed2d27","id":"51e90962-3244-473d-8cff-6da070e54c6c","install_mode":"new","region":"us-central1","site_id":"51e90962-3244-473d-8cff-6da070e54c6c","site_title":"Test Debug Site V2","wp_language":"en_US"},"sensitive_attributes":[[{"type":"get_attr","value":"admin_email"}],[{"type":"get_attr","value":"admin_password"}]],"private":"bnVsbA=="}]}],"check_results":null}
